
Microsoft Visual Studio Solution File, Format Version 12.00
# Visual Studio Version 17
VisualStudioVersion = 17.2.32630.192
MinimumVisualStudioVersion = 10.0.40219.1
Project("{9A19103F-16F7-4668-BE54-9A1E7A4F7556}") = "R5T.T0238.Construction", "R5T.T0238.Construction\R5T.T0238.Construction.csproj", "{0B47F616-B51C-47B3-BC0E-3808222BD566}"
EndProject
Project("{9A19103F-16F7-4668-BE54-9A1E7A4F7556}") = "R5T.T0238", "R5T.T0238\R5T.T0238.csproj", "{B7F3350A-9461-41EC-A3E9-61CCD49B5243}"
EndProject
Project("{2150E333-8FDC-42A3-9474-1A3956D46DE8}") = "_Dependencies", "_Dependencies", "{D4BC264A-A4D7-488F-A803-B731F6EE93DB}"
EndProject
Project("{9A19103F-16F7-4668-BE54-9A1E7A4F7556}") = "R5T.L0066", "..\..\R5T.L0066\source\R5T.L0066\R5T.L0066.csproj", "{F1851A06-16F1-42CC-BA7A-769E6898F328}"
EndProject
Project("{9A19103F-16F7-4668-BE54-9A1E7A4F7556}") = "R5T.T0131", "..\..\R5T.T0131\source\R5T.T0131\R5T.T0131.csproj", "{77C188E6-A997-443F-A31E-D9F630C47F75}"
EndProject
Project("{9A19103F-16F7-4668-BE54-9A1E7A4F7556}") = "R5T.T0132", "..\..\R5T.T0132\source\R5T.T0132\R5T.T0132.csproj", "{68CE7115-3EF2-447A-BBF3-2253653726D8}"
EndProject
Project("{9A19103F-16F7-4668-BE54-9A1E7A4F7556}") = "R5T.T0142", "..\..\R5T.T0142\source\R5T.T0142\R5T.T0142.csproj", "{6EA4E3AF-B528-4F54-A330-E544B135DCA9}"
EndProject
Project("{9A19103F-16F7-4668-BE54-9A1E7A4F7556}") = "R5T.T0143", "..\..\R5T.T0143\source\R5T.T0143\R5T.T0143.csproj", "{50D98EB1-FACA-4A2F-BDBE-49DD34791BC9}"
EndProject
Project("{9A19103F-16F7-4668-BE54-9A1E7A4F7556}") = "R5T.T0156", "..\..\R5T.T0156\source\R5T.T0156\R5T.T0156.csproj", "{1ED91733-6F28-4280-A083-BDEB0D3384F2}"
EndProject
Project("{9A19103F-16F7-4668-BE54-9A1E7A4F7556}") = "R5T.T0241", "..\..\R5T.T0241\source\R5T.T0241\R5T.T0241.csproj", "{3D7480DF-ECF7-4CEB-8D1A-4B08FBB5DB49}"
EndProject
Project("{9A19103F-16F7-4668-BE54-9A1E7A4F7556}") = "R5T.Y0006", "..\..\R5T.Y0006\source\R5T.Y0006\R5T.Y0006.csproj", "{DE74AE9E-839D-4DD5-BF86-20B15FCD1F5B}"
EndProject
Project("{9A19103F-16F7-4668-BE54-9A1E7A4F7556}") = "R5T.L0090.T000", "..\..\R5T.L0090\source\R5T.L0090.T000\R5T.L0090.T000.csproj", "{B841ECFD-CB23-4A6E-A9C6-95E6298A3FB5}"
EndProject
Global
	GlobalSection(NestedProjects) = preSolution
		{F1851A06-16F1-42CC-BA7A-769E6898F328} = {D4BC264A-A4D7-488F-A803-B731F6EE93DB}
		{77C188E6-A997-443F-A31E-D9F630C47F75} = {D4BC264A-A4D7-488F-A803-B731F6EE93DB}
		{68CE7115-3EF2-447A-BBF3-2253653726D8} = {D4BC264A-A4D7-488F-A803-B731F6EE93DB}
		{6EA4E3AF-B528-4F54-A330-E544B135DCA9} = {D4BC264A-A4D7-488F-A803-B731F6EE93DB}
		{50D98EB1-FACA-4A2F-BDBE-49DD34791BC9} = {D4BC264A-A4D7-488F-A803-B731F6EE93DB}
		{1ED91733-6F28-4280-A083-BDEB0D3384F2} = {D4BC264A-A4D7-488F-A803-B731F6EE93DB}
		{3D7480DF-ECF7-4CEB-8D1A-4B08FBB5DB49} = {D4BC264A-A4D7-488F-A803-B731F6EE93DB}
		{DE74AE9E-839D-4DD5-BF86-20B15FCD1F5B} = {D4BC264A-A4D7-488F-A803-B731F6EE93DB}
		{B841ECFD-CB23-4A6E-A9C6-95E6298A3FB5} = {D4BC264A-A4D7-488F-A803-B731F6EE93DB}
	EndGlobalSection
	GlobalSection(SolutionConfigurationPlatforms) = preSolution
		Debug|Any CPU = Debug|Any CPU
		Release|Any CPU = Release|Any CPU
	EndGlobalSection
	GlobalSection(ProjectConfigurationPlatforms) = postSolution
		{0B47F616-B51C-47B3-BC0E-3808222BD566}.Debug|Any CPU.ActiveCfg = Debug|Any CPU
		{0B47F616-B51C-47B3-BC0E-3808222BD566}.Debug|Any CPU.Build.0 = Debug|Any CPU
		{0B47F616-B51C-47B3-BC0E-3808222BD566}.Release|Any CPU.ActiveCfg = Release|Any CPU
		{0B47F616-B51C-47B3-BC0E-3808222BD566}.Release|Any CPU.Build.0 = Release|Any CPU
		{B7F3350A-9461-41EC-A3E9-61CCD49B5243}.Debug|Any CPU.ActiveCfg = Debug|Any CPU
		{B7F3350A-9461-41EC-A3E9-61CCD49B5243}.Debug|Any CPU.Build.0 = Debug|Any CPU
		{B7F3350A-9461-41EC-A3E9-61CCD49B5243}.Release|Any CPU.ActiveCfg = Release|Any CPU
		{B7F3350A-9461-41EC-A3E9-61CCD49B5243}.Release|Any CPU.Build.0 = Release|Any CPU
		{F1851A06-16F1-42CC-BA7A-769E6898F328}.Debug|Any CPU.ActiveCfg = Debug|Any CPU
		{F1851A06-16F1-42CC-BA7A-769E6898F328}.Debug|Any CPU.Build.0 = Debug|Any CPU
		{F1851A06-16F1-42CC-BA7A-769E6898F328}.Release|Any CPU.ActiveCfg = Release|Any CPU
		{F1851A06-16F1-42CC-BA7A-769E6898F328}.Release|Any CPU.Build.0 = Release|Any CPU
		{77C188E6-A997-443F-A31E-D9F630C47F75}.Debug|Any CPU.ActiveCfg = Debug|Any CPU
		{77C188E6-A997-443F-A31E-D9F630C47F75}.Debug|Any CPU.Build.0 = Debug|Any CPU
		{77C188E6-A997-443F-A31E-D9F630C47F75}.Release|Any CPU.ActiveCfg = Release|Any CPU
		{77C188E6-A997-443F-A31E-D9F630C47F75}.Release|Any CPU.Build.0 = Release|Any CPU
		{68CE7115-3EF2-447A-BBF3-2253653726D8}.Debug|Any CPU.ActiveCfg = Debug|Any CPU
		{68CE7115-3EF2-447A-BBF3-2253653726D8}.Debug|Any CPU.Build.0 = Debug|Any CPU
		{68CE7115-3EF2-447A-BBF3-2253653726D8}.Release|Any CPU.ActiveCfg = Release|Any CPU
		{68CE7115-3EF2-447A-BBF3-2253653726D8}.Release|Any CPU.Build.0 = Release|Any CPU
		{6EA4E3AF-B528-4F54-A330-E544B135DCA9}.Debug|Any CPU.ActiveCfg = Debug|Any CPU
		{6EA4E3AF-B528-4F54-A330-E544B135DCA9}.Debug|Any CPU.Build.0 = Debug|Any CPU
		{6EA4E3AF-B528-4F54-A330-E544B135DCA9}.Release|Any CPU.ActiveCfg = Release|Any CPU
		{6EA4E3AF-B528-4F54-A330-E544B135DCA9}.Release|Any CPU.Build.0 = Release|Any CPU
		{50D98EB1-FACA-4A2F-BDBE-49DD34791BC9}.Debug|Any CPU.ActiveCfg = Debug|Any CPU
		{50D98EB1-FACA-4A2F-BDBE-49DD34791BC9}.Debug|Any CPU.Build.0 = Debug|Any CPU
		{50D98EB1-FACA-4A2F-BDBE-49DD34791BC9}.Release|Any CPU.ActiveCfg = Release|Any CPU
		{50D98EB1-FACA-4A2F-BDBE-49DD34791BC9}.Release|Any CPU.Build.0 = Release|Any CPU
		{1ED91733-6F28-4280-A083-BDEB0D3384F2}.Debug|Any CPU.ActiveCfg = Debug|Any CPU
		{1ED91733-6F28-4280-A083-BDEB0D3384F2}.Debug|Any CPU.Build.0 = Debug|Any CPU
		{1ED91733-6F28-4280-A083-BDEB0D3384F2}.Release|Any CPU.ActiveCfg = Release|Any CPU
		{1ED91733-6F28-4280-A083-BDEB0D3384F2}.Release|Any CPU.Build.0 = Release|Any CPU
		{3D7480DF-ECF7-4CEB-8D1A-4B08FBB5DB49}.Debug|Any CPU.ActiveCfg = Debug|Any CPU
		{3D7480DF-ECF7-4CEB-8D1A-4B08FBB5DB49}.Debug|Any CPU.Build.0 = Debug|Any CPU
		{3D7480DF-ECF7-4CEB-8D1A-4B08FBB5DB49}.Release|Any CPU.ActiveCfg = Release|Any CPU
		{3D7480DF-ECF7-4CEB-8D1A-4B08FBB5DB49}.Release|Any CPU.Build.0 = Release|Any CPU
		{DE74AE9E-839D-4DD5-BF86-20B15FCD1F5B}.Debug|Any CPU.ActiveCfg = Debug|Any CPU
		{DE74AE9E-839D-4DD5-BF86-20B15FCD1F5B}.Debug|Any CPU.Build.0 = Debug|Any CPU
		{DE74AE9E-839D-4DD5-BF86-20B15FCD1F5B}.Release|Any CPU.ActiveCfg = Release|Any CPU
		{DE74AE9E-839D-4DD5-BF86-20B15FCD1F5B}.Release|Any CPU.Build.0 = Release|Any CPU
		{B841ECFD-CB23-4A6E-A9C6-95E6298A3FB5}.Debug|Any CPU.ActiveCfg = Debug|Any CPU
		{B841ECFD-CB23-4A6E-A9C6-95E6298A3FB5}.Debug|Any CPU.Build.0 = Debug|Any CPU
		{B841ECFD-CB23-4A6E-A9C6-95E6298A3FB5}.Release|Any CPU.ActiveCfg = Release|Any CPU
		{B841ECFD-CB23-4A6E-A9C6-95E6298A3FB5}.Release|Any CPU.Build.0 = Release|Any CPU
	EndGlobalSection
	GlobalSection(SolutionProperties) = preSolution
		HideSolutionNode = FALSE
	EndGlobalSection
	GlobalSection(ExtensibilityGlobals) = postSolution
		SolutionGuid = {10A379A3-8CFD-4B16-950F-39CC5F4A4B5D}
	EndGlobalSection
EndGlobal
