
Microsoft Visual Studio Solution File, Format Version 12.00
# Visual Studio Version 17
VisualStudioVersion = 17.2.32630.192
MinimumVisualStudioVersion = 10.0.40219.1
Project("{9A19103F-16F7-4668-BE54-9A1E7A4F7556}") = "R5T.T0238", "R5T.T0238\R5T.T0238.csproj", "{2564C373-F00B-499E-9509-C08BBEDAF22F}"
EndProject
Project("{2150E333-8FDC-42A3-9474-1A3956D46DE8}") = "_Dependencies", "_Dependencies", "{97BD969E-A9AC-48D1-BFCA-38F796685802}"
EndProject
Project("{9A19103F-16F7-4668-BE54-9A1E7A4F7556}") = "R5T.L0066", "..\..\R5T.L0066\source\R5T.L0066\R5T.L0066.csproj", "{76F6EB20-7BAD-4B91-AD46-6690C900265C}"
EndProject
Project("{9A19103F-16F7-4668-BE54-9A1E7A4F7556}") = "R5T.T0131", "..\..\R5T.T0131\source\R5T.T0131\R5T.T0131.csproj", "{76E46E9C-13AF-4876-8F7A-F7E5C1383227}"
EndProject
Project("{9A19103F-16F7-4668-BE54-9A1E7A4F7556}") = "R5T.T0132", "..\..\R5T.T0132\source\R5T.T0132\R5T.T0132.csproj", "{ECA77226-D4AA-45DE-85F9-B1673509A0F0}"
EndProject
Project("{9A19103F-16F7-4668-BE54-9A1E7A4F7556}") = "R5T.T0142", "..\..\R5T.T0142\source\R5T.T0142\R5T.T0142.csproj", "{89D4A82F-0C2C-4610-8152-1B4155A1C6FB}"
EndProject
Project("{9A19103F-16F7-4668-BE54-9A1E7A4F7556}") = "R5T.T0143", "..\..\R5T.T0143\source\R5T.T0143\R5T.T0143.csproj", "{9398F07B-FE2D-43B1-9113-3659573EAC9E}"
EndProject
Project("{9A19103F-16F7-4668-BE54-9A1E7A4F7556}") = "R5T.T0156", "..\..\R5T.T0156\source\R5T.T0156\R5T.T0156.csproj", "{74CBB7CA-A9A6-42CC-99A5-C80A9E8DA2B0}"
EndProject
Project("{9A19103F-16F7-4668-BE54-9A1E7A4F7556}") = "R5T.T0241", "..\..\R5T.T0241\source\R5T.T0241\R5T.T0241.csproj", "{F8A1EA2B-0AEA-4C72-9B4B-67168420ADA9}"
EndProject
Project("{9A19103F-16F7-4668-BE54-9A1E7A4F7556}") = "R5T.Y0006", "..\..\R5T.Y0006\source\R5T.Y0006\R5T.Y0006.csproj", "{AA8320E8-D3D4-4DC1-BA39-FFEA06CB4C64}"
EndProject
Project("{9A19103F-16F7-4668-BE54-9A1E7A4F7556}") = "R5T.L0090.T000", "..\..\R5T.L0090\source\R5T.L0090.T000\R5T.L0090.T000.csproj", "{021483AF-18E9-45A6-B45B-27161F4F55FD}"
EndProject
Global
	GlobalSection(NestedProjects) = preSolution
		{76F6EB20-7BAD-4B91-AD46-6690C900265C} = {97BD969E-A9AC-48D1-BFCA-38F796685802}
		{76E46E9C-13AF-4876-8F7A-F7E5C1383227} = {97BD969E-A9AC-48D1-BFCA-38F796685802}
		{ECA77226-D4AA-45DE-85F9-B1673509A0F0} = {97BD969E-A9AC-48D1-BFCA-38F796685802}
		{89D4A82F-0C2C-4610-8152-1B4155A1C6FB} = {97BD969E-A9AC-48D1-BFCA-38F796685802}
		{9398F07B-FE2D-43B1-9113-3659573EAC9E} = {97BD969E-A9AC-48D1-BFCA-38F796685802}
		{74CBB7CA-A9A6-42CC-99A5-C80A9E8DA2B0} = {97BD969E-A9AC-48D1-BFCA-38F796685802}
		{F8A1EA2B-0AEA-4C72-9B4B-67168420ADA9} = {97BD969E-A9AC-48D1-BFCA-38F796685802}
		{AA8320E8-D3D4-4DC1-BA39-FFEA06CB4C64} = {97BD969E-A9AC-48D1-BFCA-38F796685802}
		{021483AF-18E9-45A6-B45B-27161F4F55FD} = {97BD969E-A9AC-48D1-BFCA-38F796685802}
	EndGlobalSection
	GlobalSection(SolutionConfigurationPlatforms) = preSolution
		Debug|Any CPU = Debug|Any CPU
		Release|Any CPU = Release|Any CPU
	EndGlobalSection
	GlobalSection(ProjectConfigurationPlatforms) = postSolution
		{2564C373-F00B-499E-9509-C08BBEDAF22F}.Debug|Any CPU.ActiveCfg = Debug|Any CPU
		{2564C373-F00B-499E-9509-C08BBEDAF22F}.Debug|Any CPU.Build.0 = Debug|Any CPU
		{2564C373-F00B-499E-9509-C08BBEDAF22F}.Release|Any CPU.ActiveCfg = Release|Any CPU
		{2564C373-F00B-499E-9509-C08BBEDAF22F}.Release|Any CPU.Build.0 = Release|Any CPU
		{76F6EB20-7BAD-4B91-AD46-6690C900265C}.Debug|Any CPU.ActiveCfg = Debug|Any CPU
		{76F6EB20-7BAD-4B91-AD46-6690C900265C}.Debug|Any CPU.Build.0 = Debug|Any CPU
		{76F6EB20-7BAD-4B91-AD46-6690C900265C}.Release|Any CPU.ActiveCfg = Release|Any CPU
		{76F6EB20-7BAD-4B91-AD46-6690C900265C}.Release|Any CPU.Build.0 = Release|Any CPU
		{76E46E9C-13AF-4876-8F7A-F7E5C1383227}.Debug|Any CPU.ActiveCfg = Debug|Any CPU
		{76E46E9C-13AF-4876-8F7A-F7E5C1383227}.Debug|Any CPU.Build.0 = Debug|Any CPU
		{76E46E9C-13AF-4876-8F7A-F7E5C1383227}.Release|Any CPU.ActiveCfg = Release|Any CPU
		{76E46E9C-13AF-4876-8F7A-F7E5C1383227}.Release|Any CPU.Build.0 = Release|Any CPU
		{ECA77226-D4AA-45DE-85F9-B1673509A0F0}.Debug|Any CPU.ActiveCfg = Debug|Any CPU
		{ECA77226-D4AA-45DE-85F9-B1673509A0F0}.Debug|Any CPU.Build.0 = Debug|Any CPU
		{ECA77226-D4AA-45DE-85F9-B1673509A0F0}.Release|Any CPU.ActiveCfg = Release|Any CPU
		{ECA77226-D4AA-45DE-85F9-B1673509A0F0}.Release|Any CPU.Build.0 = Release|Any CPU
		{89D4A82F-0C2C-4610-8152-1B4155A1C6FB}.Debug|Any CPU.ActiveCfg = Debug|Any CPU
		{89D4A82F-0C2C-4610-8152-1B4155A1C6FB}.Debug|Any CPU.Build.0 = Debug|Any CPU
		{89D4A82F-0C2C-4610-8152-1B4155A1C6FB}.Release|Any CPU.ActiveCfg = Release|Any CPU
		{89D4A82F-0C2C-4610-8152-1B4155A1C6FB}.Release|Any CPU.Build.0 = Release|Any CPU
		{9398F07B-FE2D-43B1-9113-3659573EAC9E}.Debug|Any CPU.ActiveCfg = Debug|Any CPU
		{9398F07B-FE2D-43B1-9113-3659573EAC9E}.Debug|Any CPU.Build.0 = Debug|Any CPU
		{9398F07B-FE2D-43B1-9113-3659573EAC9E}.Release|Any CPU.ActiveCfg = Release|Any CPU
		{9398F07B-FE2D-43B1-9113-3659573EAC9E}.Release|Any CPU.Build.0 = Release|Any CPU
		{74CBB7CA-A9A6-42CC-99A5-C80A9E8DA2B0}.Debug|Any CPU.ActiveCfg = Debug|Any CPU
		{74CBB7CA-A9A6-42CC-99A5-C80A9E8DA2B0}.Debug|Any CPU.Build.0 = Debug|Any CPU
		{74CBB7CA-A9A6-42CC-99A5-C80A9E8DA2B0}.Release|Any CPU.ActiveCfg = Release|Any CPU
		{74CBB7CA-A9A6-42CC-99A5-C80A9E8DA2B0}.Release|Any CPU.Build.0 = Release|Any CPU
		{F8A1EA2B-0AEA-4C72-9B4B-67168420ADA9}.Debug|Any CPU.ActiveCfg = Debug|Any CPU
		{F8A1EA2B-0AEA-4C72-9B4B-67168420ADA9}.Debug|Any CPU.Build.0 = Debug|Any CPU
		{F8A1EA2B-0AEA-4C72-9B4B-67168420ADA9}.Release|Any CPU.ActiveCfg = Release|Any CPU
		{F8A1EA2B-0AEA-4C72-9B4B-67168420ADA9}.Release|Any CPU.Build.0 = Release|Any CPU
		{AA8320E8-D3D4-4DC1-BA39-FFEA06CB4C64}.Debug|Any CPU.ActiveCfg = Debug|Any CPU
		{AA8320E8-D3D4-4DC1-BA39-FFEA06CB4C64}.Debug|Any CPU.Build.0 = Debug|Any CPU
		{AA8320E8-D3D4-4DC1-BA39-FFEA06CB4C64}.Release|Any CPU.ActiveCfg = Release|Any CPU
		{AA8320E8-D3D4-4DC1-BA39-FFEA06CB4C64}.Release|Any CPU.Build.0 = Release|Any CPU
		{021483AF-18E9-45A6-B45B-27161F4F55FD}.Debug|Any CPU.ActiveCfg = Debug|Any CPU
		{021483AF-18E9-45A6-B45B-27161F4F55FD}.Debug|Any CPU.Build.0 = Debug|Any CPU
		{021483AF-18E9-45A6-B45B-27161F4F55FD}.Release|Any CPU.ActiveCfg = Release|Any CPU
		{021483AF-18E9-45A6-B45B-27161F4F55FD}.Release|Any CPU.Build.0 = Release|Any CPU
	EndGlobalSection
	GlobalSection(SolutionProperties) = preSolution
		HideSolutionNode = FALSE
	EndGlobalSection
	GlobalSection(ExtensibilityGlobals) = postSolution
		SolutionGuid = {0F99293C-D6AB-4458-8247-B900CB3BECF2}
	EndGlobalSection
EndGlobal
